// !$*UTF8*$!
{
	archiveVersion = 1;
	classes = {
	};
	objectVersion = 46;
	objects = {

/* Begin PBXBuildFile section */
		B736453E1DFAFEE800254BAF /* AppDelegate.swift in Sources */ = {isa = PBXBuildFile; fileRef = B736453D1DFAFEE800254BAF /* AppDelegate.swift */; };
		B73645401DFAFEE800254BAF /* ViewController.swift in Sources */ = {isa = PBXBuildFile; fileRef = B736453F1DFAFEE800254BAF /* ViewController.swift */; };
		B73645431DFAFEE800254BAF /* Main.storyboard in Resources */ = {isa = PBXBuildFile; fileRef = B73645411DFAFEE800254BAF /* Main.storyboard */; };
		B73645451DFAFEE800254BAF /* Assets.xcassets in Resources */ = {isa = PBXBuildFile; fileRef = B73645441DFAFEE800254BAF /* Assets.xcassets */; };
		B73645481DFAFEE800254BAF /* LaunchScreen.storyboard in Resources */ = {isa = PBXBuildFile; fileRef = B73645461DFAFEE800254BAF /* LaunchScreen.storyboard */; };
/* End PBXBuildFile section */

/* Begin PBXFileReference section */
		B736453A1DFAFEE800254BAF /* PerfectialTestTask.app */ = {isa = PBXFileReference; explicitFileType = wrapper.application; includeInIndex = 0; path = PerfectialTestTask.app; sourceTree = BUILT_PRODUCTS_DIR; };
		B736453D1DFAFEE800254BAF /* AppDelegate.swift */ = {isa = PBXFileReference; lastKnownFileType = sourcecode.swift; path = AppDelegate.swift; sourceTree = "<group>"; };
		B736453F1DFAFEE800254BAF /* ViewController.swift */ = {isa = PBXFileReference; lastKnownFileType = sourcecode.swift; path = ViewController.swift; sourceTree = "<group>"; };
		B73645421DFAFEE800254BAF /* Base */ = {isa = PBXFileReference; lastKnownFileType = file.storyboard; name = Base; path = Base.lproj/Main.storyboard; sourceTree = "<group>"; };
		B73645441DFAFEE800254BAF /* Assets.xcassets */ = {isa = PBXFileReference; lastKnownFileType = folder.assetcatalog; path = Assets.xcassets; sourceTree = "<group>"; };
		B73645471DFAFEE800254BAF /* Base */ = {isa = PBXFileReference; lastKnownFileType = file.storyboard; name = Base; path = Base.lproj/LaunchScreen.storyboard; sourceTree = "<group>"; };
		B73645491DFAFEE800254BAF /* Info.plist */ = {isa = PBXFileReference; lastKnownFileType = text.plist.xml; path = Info.plist; sourceTree = "<group>"; };
/* End PBXFileReference section */

/* Begin PBXFrameworksBuildPhase section */
		B73645371DFAFEE800254BAF /* Frameworks */ = {
			isa = PBXFrameworksBuildPhase;
			buildActionMask = 2147483647;
			files = (
			);
			runOnlyForDeploymentPostprocessing = 0;
		};
/* End PBXFrameworksBuildPhase section */

/* Begin PBXGroup section */
		B73645311DFAFEE800254BAF = {
			isa = PBXGroup;
			children = (
				B736453C1DFAFEE800254BAF /* PerfectialTestTask */,
				B736453B1DFAFEE800254BAF /* Products */,
			);
			sourceTree = "<group>";
		};
		B736453B1DFAFEE800254BAF /* Products */ = {
			isa = PBXGroup;
			children = (
				B736453A1DFAFEE800254BAF /* PerfectialTestTask.app */,
			);
			name = Products;
			sourceTree = "<group>";
		};
		B736453C1DFAFEE800254BAF /* PerfectialTestTask */ = {
			isa = PBXGroup;
			children = (
				B736453D1DFAFEE800254BAF /* AppDelegate.swift */,
				B736453F1DFAFEE800254BAF /* ViewController.swift */,
				B73645411DFAFEE800254BAF /* Main.storyboard */,
				B73645441DFAFEE800254BAF /* Assets.xcassets */,
				B73645461DFAFEE800254BAF /* LaunchScreen.storyboard */,
				B73645491DFAFEE800254BAF /* Info.plist */,
			);
			path = PerfectialTestTask;
			sourceTree = "<group>";
		};
/* End PBXGroup section */

/* Begin PBXNativeTarget section */
		B73645391DFAFEE800254BAF /* PerfectialTestTask */ = {
			isa = PBXNativeTarget;
			buildConfigurationList = B736454C1DFAFEE800254BAF /* Build configuration list for PBXNativeTarget "PerfectialTestTask" */;
			buildPhases = (
				B73645361DFAFEE800254BAF /* Sources */,
				B73645371DFAFEE800254BAF /* Frameworks */,
				B73645381DFAFEE800254BAF /* Resources */,
			);
			buildRules = (
			);
			dependencies = (
			);
			name = PerfectialTestTask;
			productName = PerfectialTestTask;
			productReference = B736453A1DFAFEE800254BAF /* PerfectialTestTask.app */;
			productType = "com.apple.product-type.application";
		};
/* End PBXNativeTarget section */

/* Begin PBXProject section */
		B73645321DFAFEE800254BAF /* Project object */ = {
			isa = PBXProject;
			attributes = {
				LastSwiftUpdateCheck = 0810;
				LastUpgradeCheck = 0810;
				ORGANIZATIONNAME = "Dima Skorokhod";
				TargetAttributes = {
					B73645391DFAFEE800254BAF = {
						CreatedOnToolsVersion = 8.1;
						ProvisioningStyle = Automatic;
					};
				};
			};
			buildConfigurationList = B73645351DFAFEE800254BAF /* Build configuration list for PBXProject "PerfectialTestTask" */;
			compatibilityVersion = "Xcode 3.2";
			developmentRegion = English;
			hasScannedForEncodings = 0;
			knownRegions = (
				en,
				Base,
			);
			mainGroup = B73645311DFAFEE800254BAF;
			productRefGroup = B736453B1DFAFEE800254BAF /* Products */;
			projectDirPath = "";
			projectRoot = "";
			targets = (
				B73645391DFAFEE800254BAF /* PerfectialTestTask */,
			);
		};
/* End PBXProject section */

/* Begin PBXResourcesBuildPhase section */
		B73645381DFAFEE800254BAF /* Resources */ = {
			isa = PBXResourcesBuildPhase;
			buildActionMask = 2147483647;
			files = (
				B73645481DFAFEE800254BAF /* LaunchScreen.storyboard in Resources */,
				B73645451DFAFEE800254BAF /* Assets.xcassets in Resources */,
				B73645431DFAFEE800254BAF /* Main.storyboard in Resources */,
			);
			runOnlyForDeploymentPostprocessing = 0;
		};
/* End PBXResourcesBuildPhase section */

/* Begin PBXSourcesBuildPhase section */
		B73645361DFAFEE800254BAF /* Sources */ = {
			isa = PBXSourcesBuildPhase;
			buildActionMask = 2147483647;
			files = (
				B73645401DFAFEE800254BAF /* ViewController.swift in Sources */,
				B736453E1DFAFEE800254BAF /* AppDelegate.swift in Sources */,
			);
			runOnlyForDeploymentPostprocessing = 0;
		};
/* End PBXSourcesBuildPhase section */

/* Begin PBXVariantGroup section */
		B73645411DFAFEE800254BAF /* Main.storyboard */ = {
			isa = PBXVariantGroup;
			children = (
				B73645421DFAFEE800254BAF /* Base */,
			);
			name = Main.storyboard;
			sourceTree = "<group>";
		};
		B73645461DFAFEE800254BAF /* LaunchScreen.storyboard */ = {
			isa = PBXVariantGroup;
			children = (
				B73645471DFAFEE800254BAF /* Base */,
			);
			name = LaunchScreen.storyboard;
			sourceTree = "<group>";
		};
/* End PBXVariantGroup section */

/* Begin XCBuildConfiguration section */
		B736454A1DFAFEE800254BAF /* Debug */ = {
			isa = XCBuildConfiguration;
			buildSettings = {
				ALWAYS_SEARCH_USER_PATHS = NO;
				CLANG_ANALYZER_NONNULL = YES;
				CLANG_CXX_LANGUAGE_STANDARD = "gnu++0x";
				CLANG_CXX_LIBRARY = "libc++";
				CLANG_ENABLE_MODULES = YES;
				CLANG_ENABLE_OBJC_ARC = YES;
				CLANG_WARN_BOOL_CONVERSION = YES;
				CLANG_WARN_CONSTANT_CONVERSION = YES;
				CLANG_WARN_DIRECT_OBJC_ISA_USAGE = YES_ERROR;
				CLANG_WARN_DOCUMENTATION_COMMENTS = YES;
				CLANG_WARN_EMPTY_BODY = YES;
				CLANG_WARN_ENUM_CONVERSION = YES;
				CLANG_WARN_INFINITE_RECURSION = YES;
				CLANG_WARN_INT_CONVERSION = YES;
				CLANG_WARN_OBJC_ROOT_CLASS = YES_ERROR;
				CLANG_WARN_SUSPICIOUS_MOVES = YES;
				CLANG_WARN_UNREACHABLE_CODE = YES;
				CLANG_WARN__DUPLICATE_METHOD_MATCH = YES;
				"CODE_SIGN_IDENTITY[sdk=iphoneos*]" = "iPhone Developer";
				COPY_PHASE_STRIP = NO;
				DEBUG_INFORMATION_FORMAT = dwarf;
				ENABLE_STRICT_OBJC_MSGSEND = YES;
				ENABLE_TESTABILITY = YES;
				GCC_C_LANGUAGE_STANDARD = gnu99;
				GCC_DYNAMIC_NO_PIC = NO;
				GCC_NO_COMMON_BLOCKS = YES;
				GCC_OPTIMIZATION_LEVEL = 0;
				GCC_PREPROCESSOR_DEFINITIONS = (
					"DEBUG=1",
					"$(inherited)",
				);
				GCC_WARN_64_TO_32_BIT_CONVERSION = YES;
				GCC_WARN_ABOUT_RETURN_TYPE = YES_ERROR;
				GCC_WARN_UNDECLARED_SELECTOR = YES;
				GCC_WARN_UNINITIALIZED_AUTOS = YES_AGGRESSIVE;
				GCC_WARN_UNUSED_FUNCTION = YES;
				GCC_WARN_UNUSED_VARIABLE = YES;
				IPHONEOS_DEPLOYMENT_TARGET = 10.1;
				MTL_ENABLE_DEBUG_INFO = YES;
				ONLY_ACTIVE_ARCH = YES;
				SDKROOT = iphoneos;
				SWIFT_ACTIVE_COMPILATION_CONDITIONS = DEBUG;
				SWIFT_OPTIMIZATION_LEVEL = "-Onone";
				TARGETED_DEVICE_FAMILY = "1,2";
			};
			name = Debug;
		};
		B736454B1DFAFEE800254BAF /* Release */ = {
			isa = XCBuildConfiguration;
			buildSettings = {
				ALWAYS_SEARCH_USER_PATHS = NO;
				CLANG_ANALYZER_NONNULL = YES;
				CLANG_CXX_LANGUAGE_STANDARD = "gnu++0x";
				CLANG_CXX_LIBRARY = "libc++";
				CLANG_ENABLE_MODULES = YES;
				CLANG_ENABLE_OBJC_ARC = YES;
				CLANG_WARN_BOOL_CONVERSION = YES;
				CLANG_WARN_CONSTANT_CONVERSION = YES;
				CLANG_WARN_DIRECT_OBJC_ISA_USAGE = YES_ERROR;
				CLANG_WARN_DOCUMENTATION_COMMENTS = YES;
				CLANG_WARN_EMPTY_BODY = YES;
				CLANG_WARN_ENUM_CONVERSION = YES;
				CLANG_WARN_INFINITE_RECURSION = YES;
				CLANG_WARN_INT_CONVERSION = YES;
				CLANG_WARN_OBJC_ROOT_CLASS = YES_ERROR;
				CLANG_WARN_SUSPICIOUS_MOVES = YES;
				CLANG_WARN_UNREACHABLE_CODE = YES;
				CLANG_WARN__DUPLICATE_METHOD_MATCH = YES;
				"CODE_SIGN_IDENTITY[sdk=iphoneos*]" = "iPhone Developer";
				COPY_PHASE_STRIP = NO;
				DEBUG_INFORMATION_FORMAT = "dwarf-with-dsym";
				ENABLE_NS_ASSERTIONS = NO;
				ENABLE_STRICT_OBJC_MSGSEND = YES;
				GCC_C_LANGUAGE_STANDARD = gnu99;
				GCC_NO_COMMON_BLOCKS = YES;
				GCC_WARN_64_TO_32_BIT_CONVERSION = YES;
				GCC_WARN_ABOUT_RETURN_TYPE = YES_ERROR;
				GCC_WARN_UNDECLARED_SELECTOR = YES;
				GCC_WARN_UNINITIALIZED_AUTOS = YES_AGGRESSIVE;
				GCC_WARN_UNUSED_FUNCTION = YES;
				GCC_WARN_UNUSED_VARIABLE = YES;
				IPHONEOS_DEPLOYMENT_TARGET = 10.1;
				MTL_ENABLE_DEBUG_INFO = NO;
				SDKROOT = iphoneos;
				SWIFT_OPTIMIZATION_LEVEL = "-Owholemodule";
				TARGETED_DEVICE_FAMILY = "1,2";
				VALIDATE_PRODUCT = YES;
			};
			name = Release;
		};
		B736454D1DFAFEE800254BAF /* Debug */ = {
			isa = XCBuildConfiguration;
			buildSettings = {
				ASSETCATALOG_COMPILER_APPICON_NAME = AppIcon;
				INFOPLIST_FILE = PerfectialTestTask/Info.plist;
				LD_RUNPATH_SEARCH_PATHS = "$(inherited) @executable_path/Frameworks";
				PRODUCT_BUNDLE_IDENTIFIER = "com.d-integral.PerfectialTestTask";
				PRODUCT_NAME = "$(TARGET_NAME)";
				SWIFT_VERSION = 3.0;
			};
			name = Debug;
		};
		B736454E1DFAFEE800254BAF /* Release */ = {
			isa = XCBuildConfiguration;
			buildSettings = {
				ASSETCATALOG_COMPILER_APPICON_NAME = AppIcon;
				INFOPLIST_FILE = PerfectialTestTask/Info.plist;
				LD_RUNPATH_SEARCH_PATHS = "$(inherited) @executable_path/Frameworks";
				PRODUCT_BUNDLE_IDENTIFIER = "com.d-integral.PerfectialTestTask";
				PRODUCT_NAME = "$(TARGET_NAME)";
				SWIFT_VERSION = 3.0;
			};
			name = Release;
		};
/* End XCBuildConfiguration section */

/* Begin XCConfigurationList section */
		B73645351DFAFEE800254BAF /* Build configuration list for PBXProject "PerfectialTestTask" */ = {
			isa = XCConfigurationList;
			buildConfigurations = (
				B736454A1DFAFEE800254BAF /* Debug */,
				B736454B1DFAFEE800254BAF /* Release */,
			);
			defaultConfigurationIsVisible = 0;
			defaultConfigurationName = Release;
		};
		B736454C1DFAFEE800254BAF /* Build configuration list for PBXNativeTarget "PerfectialTestTask" */ = {
			isa = XCConfigurationList;
			buildConfigurations = (
				B736454D1DFAFEE800254BAF /* Debug */,
				B736454E1DFAFEE800254BAF /* Release */,
			);
			defaultConfigurationIsVisible = 0;
		};
/* End XCConfigurationList section */
	};
	rootObject = B73645321DFAFEE800254BAF /* Project object */;
}
